
Microsoft Visual Studio Solution File, Format Version 12.00
# Visual Studio Version 17
VisualStudioVersion = 17.0.31903.59
MinimumVisualStudioVersion = 10.0.40219.1
Project("{FAE04EC0-301F-11D3-BF4B-00C04F79EFBC}") = "Prj1_Api", "Prj1_Api\Prj1_Api.csproj", "{DECAF8E1-EA1A-4DA8-AB7D-294C0AA54AF0}"
EndProject
Project("{FAE04EC0-301F-11D3-BF4B-00C04F79EFBC}") = "Prj1_Tests", "..\Prj1_Tests\Prj1_Tests.csproj", "{FAB0BC67-A1E0-4826-A3E2-8B4E62057F3B}"
EndProject
Project("{FAE04EC0-301F-11D3-BF4B-00C04F79EFBC}") = "Prj1_Business", "Prj_Business\Prj1_Business.csproj", "{61A0E350-F9F9-4CC2-B4B2-FDB38104D96C}"
EndProject
Project("{FAE04EC0-301F-11D3-BF4B-00C04F79EFBC}") = "Prj1_Repository", "Prj1_Repository\Prj1_Repository.csproj", "{2E50302C-923A-4560-96BC-7DEBCE80054E}"
EndProject
Project("{FAE04EC0-301F-11D3-BF4B-00C04F79EFBC}") = "Prj1_Models", "Prj1_Models\Prj1_Models.csproj", "{B83C467F-5FE9-4906-B997-01D61FA4F852}"
EndProject
Global
	GlobalSection(SolutionConfigurationPlatforms) = preSolution
		Debug|Any CPU = Debug|Any CPU
		Release|Any CPU = Release|Any CPU
	EndGlobalSection
	GlobalSection(SolutionProperties) = preSolution
		HideSolutionNode = FALSE
	EndGlobalSection
	GlobalSection(ProjectConfigurationPlatforms) = postSolution
		{DECAF8E1-EA1A-4DA8-AB7D-294C0AA54AF0}.Debug|Any CPU.ActiveCfg = Debug|Any CPU
		{DECAF8E1-EA1A-4DA8-AB7D-294C0AA54AF0}.Debug|Any CPU.Build.0 = Debug|Any CPU
		{DECAF8E1-EA1A-4DA8-AB7D-294C0AA54AF0}.Release|Any CPU.ActiveCfg = Release|Any CPU
		{DECAF8E1-EA1A-4DA8-AB7D-294C0AA54AF0}.Release|Any CPU.Build.0 = Release|Any CPU
		{FAB0BC67-A1E0-4826-A3E2-8B4E62057F3B}.Debug|Any CPU.ActiveCfg = Debug|Any CPU
		{FAB0BC67-A1E0-4826-A3E2-8B4E62057F3B}.Debug|Any CPU.Build.0 = Debug|Any CPU
		{FAB0BC67-A1E0-4826-A3E2-8B4E62057F3B}.Release|Any CPU.ActiveCfg = Release|Any CPU
		{FAB0BC67-A1E0-4826-A3E2-8B4E62057F3B}.Release|Any CPU.Build.0 = Release|Any CPU
		{AA899160-B524-4C54-9B87-757040ED6BFB}.Debug|Any CPU.ActiveCfg = Debug|Any CPU
		{AA899160-B524-4C54-9B87-757040ED6BFB}.Debug|Any CPU.Build.0 = Debug|Any CPU
		{AA899160-B524-4C54-9B87-757040ED6BFB}.Release|Any CPU.ActiveCfg = Release|Any CPU
		{AA899160-B524-4C54-9B87-757040ED6BFB}.Release|Any CPU.Build.0 = Release|Any CPU
		{61A0E350-F9F9-4CC2-B4B2-FDB38104D96C}.Debug|Any CPU.ActiveCfg = Debug|Any CPU
		{61A0E350-F9F9-4CC2-B4B2-FDB38104D96C}.Debug|Any CPU.Build.0 = Debug|Any CPU
		{61A0E350-F9F9-4CC2-B4B2-FDB38104D96C}.Release|Any CPU.ActiveCfg = Release|Any CPU
		{61A0E350-F9F9-4CC2-B4B2-FDB38104D96C}.Release|Any CPU.Build.0 = Release|Any CPU
		{2E50302C-923A-4560-96BC-7DEBCE80054E}.Debug|Any CPU.ActiveCfg = Debug|Any CPU
		{2E50302C-923A-4560-96BC-7DEBCE80054E}.Debug|Any CPU.Build.0 = Debug|Any CPU
		{2E50302C-923A-4560-96BC-7DEBCE80054E}.Release|Any CPU.ActiveCfg = Release|Any CPU
		{2E50302C-923A-4560-96BC-7DEBCE80054E}.Release|Any CPU.Build.0 = Release|Any CPU
		{B83C467F-5FE9-4906-B997-01D61FA4F852}.Debug|Any CPU.ActiveCfg = Debug|Any CPU
		{B83C467F-5FE9-4906-B997-01D61FA4F852}.Debug|Any CPU.Build.0 = Debug|Any CPU
		{B83C467F-5FE9-4906-B997-01D61FA4F852}.Release|Any CPU.ActiveCfg = Release|Any CPU
		{B83C467F-5FE9-4906-B997-01D61FA4F852}.Release|Any CPU.Build.0 = Release|Any CPU
	EndGlobalSection
EndGlobal
